
Microsoft Visual Studio Solution File, Format Version 12.00
# Visual Studio 15
VisualStudioVersion = 15.0.28307.421
MinimumVisualStudioVersion = 10.0.40219.1
Project("{FAE04EC0-301F-11D3-BF4B-00C04F79EFBC}") = "TestCommUR", "TestCommUR\TestCommUR.csproj", "{3C547909-0F1A-44B4-A4E5-0A58703C4704}"
EndProject
Global
	GlobalSection(SolutionConfigurationPlatforms) = preSolution
		Debug|Any CPU = Debug|Any CPU
		Release|Any CPU = Release|Any CPU
	EndGlobalSection
	GlobalSection(ProjectConfigurationPlatforms) = postSolution
		{3C547909-0F1A-44B4-A4E5-0A58703C4704}.Debug|Any CPU.ActiveCfg = Debug|Any CPU
		{3C547909-0F1A-44B4-A4E5-0A58703C4704}.Debug|Any CPU.Build.0 = Debug|Any CPU
		{3C547909-0F1A-44B4-A4E5-0A58703C4704}.Release|Any CPU.ActiveCfg = Release|Any CPU
		{3C547909-0F1A-44B4-A4E5-0A58703C4704}.Release|Any CPU.Build.0 = Release|Any CPU
	EndGlobalSection
	GlobalSection(SolutionProperties) = preSolution
		HideSolutionNode = FALSE
	EndGlobalSection
	GlobalSection(ExtensibilityGlobals) = postSolution
		SolutionGuid = {16315902-B576-4A5C-9A6A-AB39FF964683}
	EndGlobalSection
EndGlobal
